
Microsoft Visual Studio Solution File, Format Version 12.00
# Visual Studio Version 16
VisualStudioVersion = 16.0.31624.102
MinimumVisualStudioVersion = 10.0.40219.1
Project("{FAE04EC0-301F-11D3-BF4B-00C04F79EFBC}") = "Keweb_Login", "Keweb_Login\Keweb_Login.csproj", "{CF20298D-8CBD-4BAE-A3F5-1168A0BE9BDF}"
EndProject
Global
	GlobalSection(SolutionConfigurationPlatforms) = preSolution
		Debug|Any CPU = Debug|Any CPU
		Release|Any CPU = Release|Any CPU
	EndGlobalSection
	GlobalSection(ProjectConfigurationPlatforms) = postSolution
		{CF20298D-8CBD-4BAE-A3F5-1168A0BE9BDF}.Debug|Any CPU.ActiveCfg = Debug|Any CPU
		{CF20298D-8CBD-4BAE-A3F5-1168A0BE9BDF}.Debug|Any CPU.Build.0 = Debug|Any CPU
		{CF20298D-8CBD-4BAE-A3F5-1168A0BE9BDF}.Release|Any CPU.ActiveCfg = Release|Any CPU
		{CF20298D-8CBD-4BAE-A3F5-1168A0BE9BDF}.Release|Any CPU.Build.0 = Release|Any CPU
	EndGlobalSection
	GlobalSection(SolutionProperties) = preSolution
		HideSolutionNode = FALSE
	EndGlobalSection
	GlobalSection(ExtensibilityGlobals) = postSolution
		SolutionGuid = {FEAE4FD6-D041-41B2-9C42-254B0B3D3636}
	EndGlobalSection
EndGlobal
